
Microsoft Visual Studio Solution File, Format Version 12.00
# Visual Studio Version 17
VisualStudioVersion = 17.12.35527.113
MinimumVisualStudioVersion = 10.0.40219.1
Project("{FAE04EC0-301F-11D3-BF4B-00C04F79EFBC}") = "Models", "Models\Models.csproj", "{615878E7-54ED-4E35-93B0-D143F7FD5C51}"
EndProject
Project("{FAE04EC0-301F-11D3-BF4B-00C04F79EFBC}") = "Test", "Test\Test.csproj", "{4FD91929-5680-482A-80DC-0A4D02578ABF}"
EndProject
Project("{FAE04EC0-301F-11D3-BF4B-00C04F79EFBC}") = "PlateUpWS", "PlateUpWS\PlateUpWS.csproj", "{69EA6FA0-DD95-4FDA-988D-8F630158DD84}"
EndProject
Project("{FAE04EC0-301F-11D3-BF4B-00C04F79EFBC}") = "WebApiClient", "WebApiClient\WebApiClient.csproj", "{A8BBFBA0-95BB-40FE-81EB-5D808E4B13F7}"
EndProject
Project("{FAE04EC0-301F-11D3-BF4B-00C04F79EFBC}") = "WebAppPlateUp", "WebPlateUp\WebAppPlateUp.csproj", "{859CBD47-A492-4329-9D7E-7DAD38B66CFC}"
EndProject
Project("{FAE04EC0-301F-11D3-BF4B-00C04F79EFBC}") = "PlateUpWinApp", "PlateUpWinApp\PlateUpWinApp.csproj", "{50CC4450-0116-4425-AA04-E2A34A75F38D}"
EndProject
Global
	GlobalSection(SolutionConfigurationPlatforms) = preSolution
		Debug|Any CPU = Debug|Any CPU
		Release|Any CPU = Release|Any CPU
	EndGlobalSection
	GlobalSection(ProjectConfigurationPlatforms) = postSolution
		{615878E7-54ED-4E35-93B0-D143F7FD5C51}.Debug|Any CPU.ActiveCfg = Debug|Any CPU
		{615878E7-54ED-4E35-93B0-D143F7FD5C51}.Debug|Any CPU.Build.0 = Debug|Any CPU
		{615878E7-54ED-4E35-93B0-D143F7FD5C51}.Release|Any CPU.ActiveCfg = Release|Any CPU
		{615878E7-54ED-4E35-93B0-D143F7FD5C51}.Release|Any CPU.Build.0 = Release|Any CPU
		{4FD91929-5680-482A-80DC-0A4D02578ABF}.Debug|Any CPU.ActiveCfg = Debug|Any CPU
		{4FD91929-5680-482A-80DC-0A4D02578ABF}.Debug|Any CPU.Build.0 = Debug|Any CPU
		{4FD91929-5680-482A-80DC-0A4D02578ABF}.Release|Any CPU.ActiveCfg = Release|Any CPU
		{4FD91929-5680-482A-80DC-0A4D02578ABF}.Release|Any CPU.Build.0 = Release|Any CPU
		{69EA6FA0-DD95-4FDA-988D-8F630158DD84}.Debug|Any CPU.ActiveCfg = Debug|Any CPU
		{69EA6FA0-DD95-4FDA-988D-8F630158DD84}.Debug|Any CPU.Build.0 = Debug|Any CPU
		{69EA6FA0-DD95-4FDA-988D-8F630158DD84}.Release|Any CPU.ActiveCfg = Release|Any CPU
		{69EA6FA0-DD95-4FDA-988D-8F630158DD84}.Release|Any CPU.Build.0 = Release|Any CPU
		{A8BBFBA0-95BB-40FE-81EB-5D808E4B13F7}.Debug|Any CPU.ActiveCfg = Debug|Any CPU
		{A8BBFBA0-95BB-40FE-81EB-5D808E4B13F7}.Debug|Any CPU.Build.0 = Debug|Any CPU
		{A8BBFBA0-95BB-40FE-81EB-5D808E4B13F7}.Release|Any CPU.ActiveCfg = Release|Any CPU
		{A8BBFBA0-95BB-40FE-81EB-5D808E4B13F7}.Release|Any CPU.Build.0 = Release|Any CPU
		{859CBD47-A492-4329-9D7E-7DAD38B66CFC}.Debug|Any CPU.ActiveCfg = Debug|Any CPU
		{859CBD47-A492-4329-9D7E-7DAD38B66CFC}.Debug|Any CPU.Build.0 = Debug|Any CPU
		{859CBD47-A492-4329-9D7E-7DAD38B66CFC}.Release|Any CPU.ActiveCfg = Release|Any CPU
		{859CBD47-A492-4329-9D7E-7DAD38B66CFC}.Release|Any CPU.Build.0 = Release|Any CPU
		{50CC4450-0116-4425-AA04-E2A34A75F38D}.Debug|Any CPU.ActiveCfg = Debug|Any CPU
		{50CC4450-0116-4425-AA04-E2A34A75F38D}.Debug|Any CPU.Build.0 = Debug|Any CPU
		{50CC4450-0116-4425-AA04-E2A34A75F38D}.Release|Any CPU.ActiveCfg = Release|Any CPU
		{50CC4450-0116-4425-AA04-E2A34A75F38D}.Release|Any CPU.Build.0 = Release|Any CPU
	EndGlobalSection
	GlobalSection(SolutionProperties) = preSolution
		HideSolutionNode = FALSE
	EndGlobalSection
EndGlobal
